Microsoft Visual Studio Solution File, Format Version 12.00
# Visual Studio Version 17
VisualStudioVersion = 17.5.2.0
MinimumVisualStudioVersion = 10.0.40219.1
Project("{FAE04EC0-301F-11D3-BF4B-00C04F79EFBC}") = "MinimalHtmxRazor", "MinimalHtmxRazor.csproj", "{6FE914DB-BD16-2E6E-03F6-F900985A2CD2}"
EndProject
Global
	GlobalSection(SolutionConfigurationPlatforms) = preSolution
		Debug|Any CPU = Debug|Any CPU
		Release|Any CPU = Release|Any CPU
	EndGlobalSection
	GlobalSection(ProjectConfigurationPlatforms) = postSolution
		{6FE914DB-BD16-2E6E-03F6-F900985A2CD2}.Debug|Any CPU.ActiveCfg = Debug|Any CPU
		{6FE914DB-BD16-2E6E-03F6-F900985A2CD2}.Debug|Any CPU.Build.0 = Debug|Any CPU
		{6FE914DB-BD16-2E6E-03F6-F900985A2CD2}.Release|Any CPU.ActiveCfg = Release|Any CPU
		{6FE914DB-BD16-2E6E-03F6-F900985A2CD2}.Release|Any CPU.Build.0 = Release|Any CPU
	EndGlobalSection
	GlobalSection(SolutionProperties) = preSolution
		HideSolutionNode = FALSE
	EndGlobalSection
	GlobalSection(ExtensibilityGlobals) = postSolution
		SolutionGuid = {99FCFF29-D8F5-4888-91B3-F15823F2A377}
	EndGlobalSection
EndGlobal
